
Microsoft Visual Studio Solution File, Format Version 12.00
# Visual Studio Version 16
VisualStudioVersion = 16.0.30128.74
MinimumVisualStudioVersion = 10.0.40219.1
Project("{FAE04EC0-301F-11D3-BF4B-00C04F79EFBC}") = "ProyectoPA", "ProyectoPA.csproj", "{68D847FE-4889-4194-947F-64300C52D58E}"
EndProject
Global
	GlobalSection(SolutionConfigurationPlatforms) = preSolution
		Debug|Any CPU = Debug|Any CPU
		Release|Any CPU = Release|Any CPU
	EndGlobalSection
	GlobalSection(ProjectConfigurationPlatforms) = postSolution
		{68D847FE-4889-4194-947F-64300C52D58E}.Debug|Any CPU.ActiveCfg = Debug|Any CPU
		{68D847FE-4889-4194-947F-64300C52D58E}.Debug|Any CPU.Build.0 = Debug|Any CPU
		{68D847FE-4889-4194-947F-64300C52D58E}.Release|Any CPU.ActiveCfg = Release|Any CPU
		{68D847FE-4889-4194-947F-64300C52D58E}.Release|Any CPU.Build.0 = Release|Any CPU
	EndGlobalSection
	GlobalSection(SolutionProperties) = preSolution
		HideSolutionNode = FALSE
	EndGlobalSection
	GlobalSection(ExtensibilityGlobals) = postSolution
		SolutionGuid = {56084FE0-8BE6-4E3B-8F60-87CE4ABDACAC}
	EndGlobalSection
EndGlobal
